{
  "name": "infigo-megaedit-scripts",
  "version": "1.0.0",
  "lockfileVersion": 3,
  "requires": true,
  "packages": {
    "": {
      "name": "infigo-megaedit-scripts",
      "version": "1.0.0",
      "license": "ISC",
      "devDependencies": {
        "@infigo-official/types-for-megaedit": "^1.0.13"
      }
    },
    "node_modules/@infigo-official/types-for-megaedit": {
      "version": "1.0.13",
      "resolved": "https://registry.npmjs.org/@infigo-official/types-for-megaedit/-/types-for-megaedit-1.0.13.tgz",
      "integrity": "sha512-mUImgvBUqR3cSkI3HSVo9ZhuRxCyIulZSo8RRH36SqSeBt64aam3QnyPtgt7WyPQZjFpA/zT6bcDsrmjA8zxLw==",
      "dev": true
    }
  }
}
